# THIS IS AN AUTOGENERATED FILE. DO NOT EDIT THIS FILE DIRECTLY.
# yarn lockfile v1


axios@^0.21.4:
  version "0.21.4"
  resolved "https://registry.yarnpkg.com/axios/-/axios-0.21.4.tgz#c67b90dc0568e5c1cf2b0b858c43ba28e2eda575"
  integrity sha512-ut5vewkiu8jjGBdqpM44XxjuCjq9LAKeHVmoVfHVzy8eHgxxq8SbAVQNovDA8mVi05kP0Ea/n/UzcSHcTJQfNg==
  dependencies:
    follow-redirects "^1.14.0"

bignumber.js@^9.0.1:
  version "9.0.1"
  resolved "https://registry.yarnpkg.com/bignumber.js/-/bignumber.js-9.0.1.tgz#8d7ba124c882bfd8e43260c67475518d0689e4e5"
  integrity sha512-IdZR9mh6ahOBv/hYGiXyVuyCetmGJhtYkqLBpTStdhEGjegpPlUawydyaF3pbIOFynJTpllEs+NP+CS9jKFLjA==

dotenv@^10.0.0:
  version "10.0.0"
  resolved "https://registry.yarnpkg.com/dotenv/-/dotenv-10.0.0.tgz#3d4227b8fb95f81096cdd2b66653fb2c7085ba81"
  integrity sha512-rlBi9d8jpv9Sf1klPjNfFAuWDjKLwTIJJ/VxtoTwIR6hnZxcEOQCZg2oIL3MWBYw5GpUDKOEnND7LXTbIpQ03Q==

follow-redirects@^1.14.0:
  version "1.14.3"
  resolved "https://registry.yarnpkg.com/follow-redirects/-/follow-redirects-1.14.3.tgz#6ada78118d8d24caee595595accdc0ac6abd022e"
  integrity sha512-3MkHxknWMUtb23apkgz/83fDoe+y+qr0TdgacGIA7bew+QLBo3vdgEN2xEsuXNivpFy4CyDhBBZnNZOtalmenw==
